Microsoft Visual Studio Solution File, Format Version 12.00
Project("{FAE04EC0-301F-11D3-BF4B-00C04F79EFBC}") = "TheFirstDay", "TheFirstDay.csproj", "{7161E002-579F-4425-8182-93E2779076AB}"
EndProject
Global
	GlobalSection(SolutionConfigurationPlatforms) = preSolution
		Debug|Any CPU = Debug|Any CPU
		ExportDebug|Any CPU = ExportDebug|Any CPU
		ExportRelease|Any CPU = ExportRelease|Any CPU
	EndGlobalSection
	GlobalSection(ProjectConfigurationPlatforms) = postSolution
		{7161E002-579F-4425-8182-93E2779076AB}.Debug|Any CPU.ActiveCfg = Debug|Any CPU
		{7161E002-579F-4425-8182-93E2779076AB}.Debug|Any CPU.Build.0 = Debug|Any CPU
		{7161E002-579F-4425-8182-93E2779076AB}.ExportDebug|Any CPU.ActiveCfg = ExportDebug|Any CPU
		{7161E002-579F-4425-8182-93E2779076AB}.ExportDebug|Any CPU.Build.0 = ExportDebug|Any CPU
		{7161E002-579F-4425-8182-93E2779076AB}.ExportRelease|Any CPU.ActiveCfg = ExportRelease|Any CPU
		{7161E002-579F-4425-8182-93E2779076AB}.ExportRelease|Any CPU.Build.0 = ExportRelease|Any CPU
	EndGlobalSection
EndGlobal
